# This file is automatically @generated by Cargo.
# It is not intended for manual editing.
[[package]]
name = "blake2b-ref"
version = "0.1.0"
source = "registry+https://github.com/rust-lang/crates.io-index"
checksum = "d9f6b7b71e3097ed6ee470bab30e1025dd1327eee94ab1e3040b5b5c3f992117"

[[package]]
name = "buddy-alloc"
version = "0.4.0"
source = "registry+https://github.com/rust-lang/crates.io-index"
checksum = "5a85bb0d631cbf2478b64e3b0fcfe5d9128475403ef5107eabe59f37404c5f91"

[[package]]
name = "cc"
version = "1.0.61"
source = "registry+https://github.com/rust-lang/crates.io-index"
checksum = "ed67cbde08356238e75fc4656be4749481eeffb09e19f320a25237d5221c985d"

[[package]]
name = "cfg-if"
version = "0.1.10"
source = "registry+https://github.com/rust-lang/crates.io-index"
checksum = "4785bdd1c96b2a846b2bd7cc02e86b6b3dbf14e7e53446c4f54c92a361040822"

[[package]]
name = "ckb-standalone-types"
version = "0.0.1-pre.1"
source = "registry+https://github.com/rust-lang/crates.io-index"
checksum = "af2cdbdf65ee5b1da71504f5a03d6984bce77d0b4b46daff63f4ba4a3b0eef08"
dependencies = [
 "cfg-if",
 "molecule",
]

[[package]]
name = "ckb-std"
version = "0.7.0"
source = "git+https://github.com/nervosnetwork/ckb-std?rev=b56b362#b56b3625180c3fa24071770d38e4856ae7e6fc9e"
dependencies = [
 "buddy-alloc",
 "cc",
 "ckb-standalone-types",
]

[[package]]
name = "eth-recipient-typescript"
version = "0.1.0"
dependencies = [
 "ckb-std",
 "eth-recipient-typescript-lib",
]

[[package]]
name = "eth-recipient-typescript-lib"
version = "0.1.0"
dependencies = [
 "blake2b-ref",
 "cfg-if",
 "ckb-std",
 "force-eth-types",
 "molecule",
]

[[package]]
name = "force-eth-types"
version = "0.1.0"
dependencies = [
 "cfg-if",
 "molecule",
]

[[package]]
name = "molecule"
version = "0.6.0"
source = "registry+https://github.com/rust-lang/crates.io-index"
checksum = "663f76cc52219e5957e2f5563cce9d89f98aa8503c9c898b5c412d97df663998"
dependencies = [
 "cfg-if",
]
