# This file is automatically @generated by Cargo.
# It is not intended for manual editing.
[[package]]
name = "buddy-alloc"
version = "0.4.0"
source = "registry+https://github.com/rust-lang/crates.io-index"
checksum = "5a85bb0d631cbf2478b64e3b0fcfe5d9128475403ef5107eabe59f37404c5f91"

[[package]]
name = "cc"
version = "1.0.61"
source = "registry+https://github.com/rust-lang/crates.io-index"
checksum = "ed67cbde08356238e75fc4656be4749481eeffb09e19f320a25237d5221c985d"

[[package]]
name = "cfg-if"
version = "0.1.10"
source = "registry+https://github.com/rust-lang/crates.io-index"
checksum = "4785bdd1c96b2a846b2bd7cc02e86b6b3dbf14e7e53446c4f54c92a361040822"

[[package]]
name = "ckb-standalone-types"
version = "0.0.1-pre.1"
source = "registry+https://github.com/rust-lang/crates.io-index"
checksum = "af2cdbdf65ee5b1da71504f5a03d6984bce77d0b4b46daff63f4ba4a3b0eef08"
dependencies = [
 "cfg-if",
 "molecule",
]

[[package]]
name = "ckb-std"
version = "0.7.0"
source = "git+https://github.com/nervosnetwork/ckb-std?rev=b56b362#b56b3625180c3fa24071770d38e4856ae7e6fc9e"
dependencies = [
 "buddy-alloc",
 "cc",
 "ckb-standalone-types",
]

[[package]]
name = "eth-bridge-lockscript"
version = "0.1.0"
dependencies = [
 "ckb-std",
 "eth-bridge-lockscript-lib",
]

[[package]]
name = "eth-bridge-lockscript-lib"
version = "0.1.0"
dependencies = [
 "cfg-if",
 "ckb-std",
 "molecule",
]

[[package]]
name = "molecule"
version = "0.6.1"
source = "registry+https://github.com/rust-lang/crates.io-index"
checksum = "3067ceba3d7f5dcc7427cfc584fc506e756f1161151032fec840455f5a3c2fd5"
dependencies = [
 "cfg-if",
]
