# This file is automatically @generated by Cargo.
# It is not intended for manual editing.
[[package]]
name = "buddy-alloc"
version = "0.4.0"
source = "registry+https://github.com/rust-lang/crates.io-index"

[[package]]
name = "cc"
version = "1.0.62"
source = "registry+https://github.com/rust-lang/crates.io-index"

[[package]]
name = "cfg-if"
version = "0.1.10"
source = "registry+https://github.com/rust-lang/crates.io-index"

[[package]]
name = "ckb-standalone-types"
version = "0.0.1-pre.1"
source = "registry+https://github.com/rust-lang/crates.io-index"
dependencies = [
 "cfg-if 0.1.10 (registry+https://github.com/rust-lang/crates.io-index)",
 "molecule 0.6.1 (registry+https://github.com/rust-lang/crates.io-index)",
]

[[package]]
name = "ckb-std"
version = "0.7.0"
source = "git+https://github.com/nervosnetwork/ckb-std?rev=b56b362#b56b3625180c3fa24071770d38e4856ae7e6fc9e"
dependencies = [
 "buddy-alloc 0.4.0 (registry+https://github.com/rust-lang/crates.io-index)",
 "cc 1.0.62 (registry+https://github.com/rust-lang/crates.io-index)",
 "ckb-standalone-types 0.0.1-pre.1 (registry+https://github.com/rust-lang/crates.io-index)",
]

[[package]]
name = "eth-light-client-lockscript"
version = "0.1.0"
dependencies = [
 "ckb-std 0.7.0 (git+https://github.com/nervosnetwork/ckb-std?rev=b56b362)",
 "eth-light-client-lockscript-lib 0.1.0",
]

[[package]]
name = "eth-light-client-lockscript-lib"
version = "0.1.0"
dependencies = [
 "cfg-if 0.1.10 (registry+https://github.com/rust-lang/crates.io-index)",
 "ckb-std 0.7.0 (git+https://github.com/nervosnetwork/ckb-std?rev=b56b362)",
 "molecule 0.6.1 (registry+https://github.com/rust-lang/crates.io-index)",
]

[[package]]
name = "molecule"
version = "0.6.1"
source = "registry+https://github.com/rust-lang/crates.io-index"
dependencies = [
 "cfg-if 0.1.10 (registry+https://github.com/rust-lang/crates.io-index)",
]

[metadata]
"checksum buddy-alloc 0.4.0 (registry+https://github.com/rust-lang/crates.io-index)" = "5a85bb0d631cbf2478b64e3b0fcfe5d9128475403ef5107eabe59f37404c5f91"
"checksum cc 1.0.62 (registry+https://github.com/rust-lang/crates.io-index)" = "f1770ced377336a88a67c473594ccc14eca6f4559217c34f64aac8f83d641b40"
"checksum cfg-if 0.1.10 (registry+https://github.com/rust-lang/crates.io-index)" = "4785bdd1c96b2a846b2bd7cc02e86b6b3dbf14e7e53446c4f54c92a361040822"
"checksum ckb-standalone-types 0.0.1-pre.1 (registry+https://github.com/rust-lang/crates.io-index)" = "af2cdbdf65ee5b1da71504f5a03d6984bce77d0b4b46daff63f4ba4a3b0eef08"
"checksum ckb-std 0.7.0 (git+https://github.com/nervosnetwork/ckb-std?rev=b56b362)" = "<none>"
"checksum molecule 0.6.1 (registry+https://github.com/rust-lang/crates.io-index)" = "3067ceba3d7f5dcc7427cfc584fc506e756f1161151032fec840455f5a3c2fd5"
